// !$*UTF8*$!
{
	archiveVersion = 1;
	classes = {
	};
	objectVersion = 52;
	objects = {

/* Begin PBXBuildFile section */
		F4E2BDC725E2B7B600F7A304 /* Alamofire in Frameworks */ = {isa = PBXBuildFile; productRef = F4E2BDC625E2B7B600F7A304 /* Alamofire */; };
		F4E2BDCD25E2B9A100F7A304 /* Kingfisher in Frameworks */ = {isa = PBXBuildFile; productRef = F4E2BDCC25E2B9A100F7A304 /* Kingfisher */; };
		F4ECBE9A25E2A0720054DD81 /* AppDelegate.swift in Sources */ = {isa = PBXBuildFile; fileRef = F4ECBE9925E2A0720054DD81 /* AppDelegate.swift */; };
		F4ECBE9C25E2A0720054DD81 /* SceneDelegate.swift in Sources */ = {isa = PBXBuildFile; fileRef = F4ECBE9B25E2A0720054DD81 /* SceneDelegate.swift */; };
		F4ECBE9E25E2A0720054DD81 /* ViewController.swift in Sources */ = {isa = PBXBuildFile; fileRef = F4ECBE9D25E2A0720054DD81 /* ViewController.swift */; };
		F4ECBEA125E2A0720054DD81 /* Main.storyboard in Resources */ = {isa = PBXBuildFile; fileRef = F4ECBE9F25E2A0720054DD81 /* Main.storyboard */; };
		F4ECBEA325E2A0730054DD81 /* Assets.xcassets in Resources */ = {isa = PBXBuildFile; fileRef = F4ECBEA225E2A0730054DD81 /* Assets.xcassets */; };
		F4ECBEA625E2A0730054DD81 /* LaunchScreen.storyboard in Resources */ = {isa = PBXBuildFile; fileRef = F4ECBEA425E2A0730054DD81 /* LaunchScreen.storyboard */; };
		F4ECBEB125E2A0730054DD81 /* CleanArchitectureTests.swift in Sources */ = {isa = PBXBuildFile; fileRef = F4ECBEB025E2A0730054DD81 /* CleanArchitectureTests.swift */; };
		F4ECBEBC25E2A0730054DD81 /* CleanArchitectureUITests.swift in Sources */ = {isa = PBXBuildFile; fileRef = F4ECBEBB25E2A0730054DD81 /* CleanArchitectureUITests.swift */; };
		F4ECBED125E2B61F0054DD81 /* RxSwift in Frameworks */ = {isa = PBXBuildFile; productRef = F4ECBED025E2B61F0054DD81 /* RxSwift */; };
		F4ECBED325E2B61F0054DD81 /* RxTest in Frameworks */ = {isa = PBXBuildFile; productRef = F4ECBED225E2B61F0054DD81 /* RxTest */; };
		F4ECBED525E2B61F0054DD81 /* RxRelay in Frameworks */ = {isa = PBXBuildFile; productRef = F4ECBED425E2B61F0054DD81 /* RxRelay */; };
		F4ECBED725E2B61F0054DD81 /* RxCocoa in Frameworks */ = {isa = PBXBuildFile; productRef = F4ECBED625E2B61F0054DD81 /* RxCocoa */; };
		F4ECBED925E2B61F0054DD81 /* RxBlocking in Frameworks */ = {isa = PBXBuildFile; productRef = F4ECBED825E2B61F0054DD81 /* RxBlocking */; };
/* End PBXBuildFile section */

/* Begin PBXContainerItemProxy section */
		F4ECBEAD25E2A0730054DD81 /* PBXContainerItemProxy */ = {
			isa = PBXContainerItemProxy;
			containerPortal = F4ECBE8E25E2A0720054DD81 /* Project object */;
			proxyType = 1;
			remoteGlobalIDString = F4ECBE9525E2A0720054DD81;
			remoteInfo = CleanArchitecture;
		};
		F4ECBEB825E2A0730054DD81 /* PBXContainerItemProxy */ = {
			isa = PBXContainerItemProxy;
			containerPortal = F4ECBE8E25E2A0720054DD81 /* Project object */;
			proxyType = 1;
			remoteGlobalIDString = F4ECBE9525E2A0720054DD81;
			remoteInfo = CleanArchitecture;
		};
/* End PBXContainerItemProxy section */

/* Begin PBXFileReference section */
		F4ECBE9625E2A0720054DD81 /* CleanArchitecture.app */ = {isa = PBXFileReference; explicitFileType = wrapper.application; includeInIndex = 0; path = CleanArchitecture.app; sourceTree = BUILT_PRODUCTS_DIR; };
		F4ECBE9925E2A0720054DD81 /* AppDelegate.swift */ = {isa = PBXFileReference; lastKnownFileType = sourcecode.swift; path = AppDelegate.swift; sourceTree = "<group>"; };
		F4ECBE9B25E2A0720054DD81 /* SceneDelegate.swift */ = {isa = PBXFileReference; lastKnownFileType = sourcecode.swift; path = SceneDelegate.swift; sourceTree = "<group>"; };
		F4ECBE9D25E2A0720054DD81 /* ViewController.swift */ = {isa = PBXFileReference; lastKnownFileType = sourcecode.swift; path = ViewController.swift; sourceTree = "<group>"; };
		F4ECBEA025E2A0720054DD81 /* Base */ = {isa = PBXFileReference; lastKnownFileType = file.storyboard; name = Base; path = Base.lproj/Main.storyboard; sourceTree = "<group>"; };
		F4ECBEA225E2A0730054DD81 /* Assets.xcassets */ = {isa = PBXFileReference; lastKnownFileType = folder.assetcatalog; path = Assets.xcassets; sourceTree = "<group>"; };
		F4ECBEA525E2A0730054DD81 /* Base */ = {isa = PBXFileReference; lastKnownFileType = file.storyboard; name = Base; path = Base.lproj/LaunchScreen.storyboard; sourceTree = "<group>"; };
		F4ECBEA725E2A0730054DD81 /* Info.plist */ = {isa = PBXFileReference; lastKnownFileType = text.plist.xml; path = Info.plist; sourceTree = "<group>"; };
		F4ECBEAC25E2A0730054DD81 /* CleanArchitectureTests.xctest */ = {isa = PBXFileReference; explicitFileType = wrapper.cfbundle; includeInIndex = 0; path = CleanArchitectureTests.xctest; sourceTree = BUILT_PRODUCTS_DIR; };
		F4ECBEB025E2A0730054DD81 /* CleanArchitectureTests.swift */ = {isa = PBXFileReference; lastKnownFileType = sourcecode.swift; path = CleanArchitectureTests.swift; sourceTree = "<group>"; };
		F4ECBEB225E2A0730054DD81 /* Info.plist */ = {isa = PBXFileReference; lastKnownFileType = text.plist.xml; path = Info.plist; sourceTree = "<group>"; };
		F4ECBEB725E2A0730054DD81 /* CleanArchitectureUITests.xctest */ = {isa = PBXFileReference; explicitFileType = wrapper.cfbundle; includeInIndex = 0; path = CleanArchitectureUITests.xctest; sourceTree = BUILT_PRODUCTS_DIR; };
		F4ECBEBB25E2A0730054DD81 /* CleanArchitectureUITests.swift */ = {isa = PBXFileReference; lastKnownFileType = sourcecode.swift; path = CleanArchitectureUITests.swift; sourceTree = "<group>"; };
		F4ECBEBD25E2A0730054DD81 /* Info.plist */ = {isa = PBXFileReference; lastKnownFileType = text.plist.xml; path = Info.plist; sourceTree = "<group>"; };
/* End PBXFileReference section */

/* Begin PBXFrameworksBuildPhase section */
		F4ECBE9325E2A0720054DD81 /* Frameworks */ = {
			isa = PBXFrameworksBuildPhase;
			buildActionMask = 2147483647;
			files = (
				F4ECBED525E2B61F0054DD81 /* RxRelay in Frameworks */,
				F4ECBED325E2B61F0054DD81 /* RxTest in Frameworks */,
				F4E2BDCD25E2B9A100F7A304 /* Kingfisher in Frameworks */,
				F4ECBED725E2B61F0054DD81 /* RxCocoa in Frameworks */,
				F4E2BDC725E2B7B600F7A304 /* Alamofire in Frameworks */,
				F4ECBED125E2B61F0054DD81 /* RxSwift in Frameworks */,
				F4ECBED925E2B61F0054DD81 /* RxBlocking in Frameworks */,
			);
			runOnlyForDeploymentPostprocessing = 0;
		};
		F4ECBEA925E2A0730054DD81 /* Frameworks */ = {
			isa = PBXFrameworksBuildPhase;
			buildActionMask = 2147483647;
			files = (
			);
			runOnlyForDeploymentPostprocessing = 0;
		};
		F4ECBEB425E2A0730054DD81 /* Frameworks */ = {
			isa = PBXFrameworksBuildPhase;
			buildActionMask = 2147483647;
			files = (
			);
			runOnlyForDeploymentPostprocessing = 0;
		};
/* End PBXFrameworksBuildPhase section */

/* Begin PBXGroup section */
		F4ECBE8D25E2A0720054DD81 = {
			isa = PBXGroup;
			children = (
				F4ECBE9825E2A0720054DD81 /* CleanArchitecture */,
				F4ECBEAF25E2A0730054DD81 /* CleanArchitectureTests */,
				F4ECBEBA25E2A0730054DD81 /* CleanArchitectureUITests */,
				F4ECBE9725E2A0720054DD81 /* Products */,
			);
			sourceTree = "<group>";
		};
		F4ECBE9725E2A0720054DD81 /* Products */ = {
			isa = PBXGroup;
			children = (
				F4ECBE9625E2A0720054DD81 /* CleanArchitecture.app */,
				F4ECBEAC25E2A0730054DD81 /* CleanArchitectureTests.xctest */,
				F4ECBEB725E2A0730054DD81 /* CleanArchitectureUITests.xctest */,
			);
			name = Products;
			sourceTree = "<group>";
		};
		F4ECBE9825E2A0720054DD81 /* CleanArchitecture */ = {
			isa = PBXGroup;
			children = (
				F4ECBE9925E2A0720054DD81 /* AppDelegate.swift */,
				F4ECBE9B25E2A0720054DD81 /* SceneDelegate.swift */,
				F4ECBE9D25E2A0720054DD81 /* ViewController.swift */,
				F4ECBE9F25E2A0720054DD81 /* Main.storyboard */,
				F4ECBEA225E2A0730054DD81 /* Assets.xcassets */,
				F4ECBEA425E2A0730054DD81 /* LaunchScreen.storyboard */,
				F4ECBEA725E2A0730054DD81 /* Info.plist */,
			);
			path = CleanArchitecture;
			sourceTree = "<group>";
		};
		F4ECBEAF25E2A0730054DD81 /* CleanArchitectureTests */ = {
			isa = PBXGroup;
			children = (
				F4ECBEB025E2A0730054DD81 /* CleanArchitectureTests.swift */,
				F4ECBEB225E2A0730054DD81 /* Info.plist */,
			);
			path = CleanArchitectureTests;
			sourceTree = "<group>";
		};
		F4ECBEBA25E2A0730054DD81 /* CleanArchitectureUITests */ = {
			isa = PBXGroup;
			children = (
				F4ECBEBB25E2A0730054DD81 /* CleanArchitectureUITests.swift */,
				F4ECBEBD25E2A0730054DD81 /* Info.plist */,
			);
			path = CleanArchitectureUITests;
			sourceTree = "<group>";
		};
/* End PBXGroup section */

/* Begin PBXNativeTarget section */
		F4ECBE9525E2A0720054DD81 /* CleanArchitecture */ = {
			isa = PBXNativeTarget;
			buildConfigurationList = F4ECBEC025E2A0730054DD81 /* Build configuration list for PBXNativeTarget "CleanArchitecture" */;
			buildPhases = (
				F4ECBE9225E2A0720054DD81 /* Sources */,
				F4ECBE9325E2A0720054DD81 /* Frameworks */,
				F4ECBE9425E2A0720054DD81 /* Resources */,
			);
			buildRules = (
			);
			dependencies = (
			);
			name = CleanArchitecture;
			packageProductDependencies = (
				F4ECBED025E2B61F0054DD81 /* RxSwift */,
				F4ECBED225E2B61F0054DD81 /* RxTest */,
				F4ECBED425E2B61F0054DD81 /* RxRelay */,
				F4ECBED625E2B61F0054DD81 /* RxCocoa */,
				F4ECBED825E2B61F0054DD81 /* RxBlocking */,
				F4E2BDC625E2B7B600F7A304 /* Alamofire */,
				F4E2BDCC25E2B9A100F7A304 /* Kingfisher */,
			);
			productName = CleanArchitecture;
			productReference = F4ECBE9625E2A0720054DD81 /* CleanArchitecture.app */;
			productType = "com.apple.product-type.application";
		};
		F4ECBEAB25E2A0730054DD81 /* CleanArchitectureTests */ = {
			isa = PBXNativeTarget;
			buildConfigurationList = F4ECBEC325E2A0730054DD81 /* Build configuration list for PBXNativeTarget "CleanArchitectureTests" */;
			buildPhases = (
				F4ECBEA825E2A0730054DD81 /* Sources */,
				F4ECBEA925E2A0730054DD81 /* Frameworks */,
				F4ECBEAA25E2A0730054DD81 /* Resources */,
			);
			buildRules = (
			);
			dependencies = (
				F4ECBEAE25E2A0730054DD81 /* PBXTargetDependency */,
			);
			name = CleanArchitectureTests;
			productName = CleanArchitectureTests;
			productReference = F4ECBEAC25E2A0730054DD81 /* CleanArchitectureTests.xctest */;
			productType = "com.apple.product-type.bundle.unit-test";
		};
		F4ECBEB625E2A0730054DD81 /* CleanArchitectureUITests */ = {
			isa = PBXNativeTarget;
			buildConfigurationList = F4ECBEC625E2A0730054DD81 /* Build configuration list for PBXNativeTarget "CleanArchitectureUITests" */;
			buildPhases = (
				F4ECBEB325E2A0730054DD81 /* Sources */,
				F4ECBEB425E2A0730054DD81 /* Frameworks */,
				F4ECBEB525E2A0730054DD81 /* Resources */,
			);
			buildRules = (
			);
			dependencies = (
				F4ECBEB925E2A0730054DD81 /* PBXTargetDependency */,
			);
			name = CleanArchitectureUITests;
			productName = CleanArchitectureUITests;
			productReference = F4ECBEB725E2A0730054DD81 /* CleanArchitectureUITests.xctest */;
			productType = "com.apple.product-type.bundle.ui-testing";
		};
/* End PBXNativeTarget section */

/* Begin PBXProject section */
		F4ECBE8E25E2A0720054DD81 /* Project object */ = {
			isa = PBXProject;
			attributes = {
				LastSwiftUpdateCheck = 1210;
				LastUpgradeCheck = 1210;
				TargetAttributes = {
					F4ECBE9525E2A0720054DD81 = {
						CreatedOnToolsVersion = 12.1;
					};
					F4ECBEAB25E2A0730054DD81 = {
						CreatedOnToolsVersion = 12.1;
						TestTargetID = F4ECBE9525E2A0720054DD81;
					};
					F4ECBEB625E2A0730054DD81 = {
						CreatedOnToolsVersion = 12.1;
						TestTargetID = F4ECBE9525E2A0720054DD81;
					};
				};
			};
			buildConfigurationList = F4ECBE9125E2A0720054DD81 /* Build configuration list for PBXProject "CleanArchitecture" */;
			compatibilityVersion = "Xcode 9.3";
			developmentRegion = en;
			hasScannedForEncodings = 0;
			knownRegions = (
				en,
				Base,
			);
			mainGroup = F4ECBE8D25E2A0720054DD81;
			packageReferences = (
				F4ECBECF25E2B61F0054DD81 /* XCRemoteSwiftPackageReference "RxSwift" */,
				F4E2BDC525E2B7B600F7A304 /* XCRemoteSwiftPackageReference "Alamofire" */,
				F4E2BDCB25E2B9A100F7A304 /* XCRemoteSwiftPackageReference "Kingfisher" */,
			);
			productRefGroup = F4ECBE9725E2A0720054DD81 /* Products */;
			projectDirPath = "";
			projectRoot = "";
			targets = (
				F4ECBE9525E2A0720054DD81 /* CleanArchitecture */,
				F4ECBEAB25E2A0730054DD81 /* CleanArchitectureTests */,
				F4ECBEB625E2A0730054DD81 /* CleanArchitectureUITests */,
			);
		};
/* End PBXProject section */

/* Begin PBXResourcesBuildPhase section */
		F4ECBE9425E2A0720054DD81 /* Resources */ = {
			isa = PBXResourcesBuildPhase;
			buildActionMask = 2147483647;
			files = (
				F4ECBEA625E2A0730054DD81 /* LaunchScreen.storyboard in Resources */,
				F4ECBEA325E2A0730054DD81 /* Assets.xcassets in Resources */,
				F4ECBEA125E2A0720054DD81 /* Main.storyboard in Resources */,
			);
			runOnlyForDeploymentPostprocessing = 0;
		};
		F4ECBEAA25E2A0730054DD81 /* Resources */ = {
			isa = PBXResourcesBuildPhase;
			buildActionMask = 2147483647;
			files = (
			);
			runOnlyForDeploymentPostprocessing = 0;
		};
		F4ECBEB525E2A0730054DD81 /* Resources */ = {
			isa = PBXResourcesBuildPhase;
			buildActionMask = 2147483647;
			files = (
			);
			runOnlyForDeploymentPostprocessing = 0;
		};
/* End PBXResourcesBuildPhase section */

/* Begin PBXSourcesBuildPhase section */
		F4ECBE9225E2A0720054DD81 /* Sources */ = {
			isa = PBXSourcesBuildPhase;
			buildActionMask = 2147483647;
			files = (
				F4ECBE9E25E2A0720054DD81 /* ViewController.swift in Sources */,
				F4ECBE9A25E2A0720054DD81 /* AppDelegate.swift in Sources */,
				F4ECBE9C25E2A0720054DD81 /* SceneDelegate.swift in Sources */,
			);
			runOnlyForDeploymentPostprocessing = 0;
		};
		F4ECBEA825E2A0730054DD81 /* Sources */ = {
			isa = PBXSourcesBuildPhase;
			buildActionMask = 2147483647;
			files = (
				F4ECBEB125E2A0730054DD81 /* CleanArchitectureTests.swift in Sources */,
			);
			runOnlyForDeploymentPostprocessing = 0;
		};
		F4ECBEB325E2A0730054DD81 /* Sources */ = {
			isa = PBXSourcesBuildPhase;
			buildActionMask = 2147483647;
			files = (
				F4ECBEBC25E2A0730054DD81 /* CleanArchitectureUITests.swift in Sources */,
			);
			runOnlyForDeploymentPostprocessing = 0;
		};
/* End PBXSourcesBuildPhase section */

/* Begin PBXTargetDependency section */
		F4ECBEAE25E2A0730054DD81 /* PBXTargetDependency */ = {
			isa = PBXTargetDependency;
			target = F4ECBE9525E2A0720054DD81 /* CleanArchitecture */;
			targetProxy = F4ECBEAD25E2A0730054DD81 /* PBXContainerItemProxy */;
		};
		F4ECBEB925E2A0730054DD81 /* PBXTargetDependency */ = {
			isa = PBXTargetDependency;
			target = F4ECBE9525E2A0720054DD81 /* CleanArchitecture */;
			targetProxy = F4ECBEB825E2A0730054DD81 /* PBXContainerItemProxy */;
		};
/* End PBXTargetDependency section */

/* Begin PBXVariantGroup section */
		F4ECBE9F25E2A0720054DD81 /* Main.storyboard */ = {
			isa = PBXVariantGroup;
			children = (
				F4ECBEA025E2A0720054DD81 /* Base */,
			);
			name = Main.storyboard;
			sourceTree = "<group>";
		};
		F4ECBEA425E2A0730054DD81 /* LaunchScreen.storyboard */ = {
			isa = PBXVariantGroup;
			children = (
				F4ECBEA525E2A0730054DD81 /* Base */,
			);
			name = LaunchScreen.storyboard;
			sourceTree = "<group>";
		};
/* End PBXVariantGroup section */

/* Begin XCBuildConfiguration section */
		F4ECBEBE25E2A0730054DD81 /* Debug */ = {
			isa = XCBuildConfiguration;
			buildSettings = {
				ALWAYS_SEARCH_USER_PATHS = NO;
				CLANG_ANALYZER_NONNULL = YES;
				CLANG_ANALYZER_NUMBER_OBJECT_CONVERSION = YES_AGGRESSIVE;
				CLANG_CXX_LANGUAGE_STANDARD = "gnu++14";
				CLANG_CXX_LIBRARY = "libc++";
				CLANG_ENABLE_MODULES = YES;
				CLANG_ENABLE_OBJC_ARC = YES;
				CLANG_ENABLE_OBJC_WEAK = YES;
				CLANG_WARN_BLOCK_CAPTURE_AUTORELEASING = YES;
				CLANG_WARN_BOOL_CONVERSION = YES;
				CLANG_WARN_COMMA = YES;
				CLANG_WARN_CONSTANT_CONVERSION = YES;
				CLANG_WARN_DEPRECATED_OBJC_IMPLEMENTATIONS = YES;
				CLANG_WARN_DIRECT_OBJC_ISA_USAGE = YES_ERROR;
				CLANG_WARN_DOCUMENTATION_COMMENTS = YES;
				CLANG_WARN_EMPTY_BODY = YES;
				CLANG_WARN_ENUM_CONVERSION = YES;
				CLANG_WARN_INFINITE_RECURSION = YES;
				CLANG_WARN_INT_CONVERSION = YES;
				CLANG_WARN_NON_LITERAL_NULL_CONVERSION = YES;
				CLANG_WARN_OBJC_IMPLICIT_RETAIN_SELF = YES;
				CLANG_WARN_OBJC_LITERAL_CONVERSION = YES;
				CLANG_WARN_OBJC_ROOT_CLASS = YES_ERROR;
				CLANG_WARN_QUOTED_INCLUDE_IN_FRAMEWORK_HEADER = YES;
				CLANG_WARN_RANGE_LOOP_ANALYSIS = YES;
				CLANG_WARN_STRICT_PROTOTYPES = YES;
				CLANG_WARN_SUSPICIOUS_MOVE = YES;
				CLANG_WARN_UNGUARDED_AVAILABILITY = YES_AGGRESSIVE;
				CLANG_WARN_UNREACHABLE_CODE = YES;
				CLANG_WARN__DUPLICATE_METHOD_MATCH = YES;
				COPY_PHASE_STRIP = NO;
				DEBUG_INFORMATION_FORMAT = dwarf;
				ENABLE_STRICT_OBJC_MSGSEND = YES;
				ENABLE_TESTABILITY = YES;
				GCC_C_LANGUAGE_STANDARD = gnu11;
				GCC_DYNAMIC_NO_PIC = NO;
				GCC_NO_COMMON_BLOCKS = YES;
				GCC_OPTIMIZATION_LEVEL = 0;
				GCC_PREPROCESSOR_DEFINITIONS = (
					"DEBUG=1",
					"$(inherited)",
				);
				GCC_WARN_64_TO_32_BIT_CONVERSION = YES;
				GCC_WARN_ABOUT_RETURN_TYPE = YES_ERROR;
				GCC_WARN_UNDECLARED_SELECTOR = YES;
				GCC_WARN_UNINITIALIZED_AUTOS = YES_AGGRESSIVE;
				GCC_WARN_UNUSED_FUNCTION = YES;
				GCC_WARN_UNUSED_VARIABLE = YES;
				IPHONEOS_DEPLOYMENT_TARGET = 14.1;
				MTL_ENABLE_DEBUG_INFO = INCLUDE_SOURCE;
				MTL_FAST_MATH = YES;
				ONLY_ACTIVE_ARCH = YES;
				SDKROOT = iphoneos;
				SWIFT_ACTIVE_COMPILATION_CONDITIONS = DEBUG;
				SWIFT_OPTIMIZATION_LEVEL = "-Onone";
			};
			name = Debug;
		};
		F4ECBEBF25E2A0730054DD81 /* Release */ = {
			isa = XCBuildConfiguration;
			buildSettings = {
				ALWAYS_SEARCH_USER_PATHS = NO;
				CLANG_ANALYZER_NONNULL = YES;
				CLANG_ANALYZER_NUMBER_OBJECT_CONVERSION = YES_AGGRESSIVE;
				CLANG_CXX_LANGUAGE_STANDARD = "gnu++14";
				CLANG_CXX_LIBRARY = "libc++";
				CLANG_ENABLE_MODULES = YES;
				CLANG_ENABLE_OBJC_ARC = YES;
				CLANG_ENABLE_OBJC_WEAK = YES;
				CLANG_WARN_BLOCK_CAPTURE_AUTORELEASING = YES;
				CLANG_WARN_BOOL_CONVERSION = YES;
				CLANG_WARN_COMMA = YES;
				CLANG_WARN_CONSTANT_CONVERSION = YES;
				CLANG_WARN_DEPRECATED_OBJC_IMPLEMENTATIONS = YES;
				CLANG_WARN_DIRECT_OBJC_ISA_USAGE = YES_ERROR;
				CLANG_WARN_DOCUMENTATION_COMMENTS = YES;
				CLANG_WARN_EMPTY_BODY = YES;
				CLANG_WARN_ENUM_CONVERSION = YES;
				CLANG_WARN_INFINITE_RECURSION = YES;
				CLANG_WARN_INT_CONVERSION = YES;
				CLANG_WARN_NON_LITERAL_NULL_CONVERSION = YES;
				CLANG_WARN_OBJC_IMPLICIT_RETAIN_SELF = YES;
				CLANG_WARN_OBJC_LITERAL_CONVERSION = YES;
				CLANG_WARN_OBJC_ROOT_CLASS = YES_ERROR;
				CLANG_WARN_QUOTED_INCLUDE_IN_FRAMEWORK_HEADER = YES;
				CLANG_WARN_RANGE_LOOP_ANALYSIS = YES;
				CLANG_WARN_STRICT_PROTOTYPES = YES;
				CLANG_WARN_SUSPICIOUS_MOVE = YES;
				CLANG_WARN_UNGUARDED_AVAILABILITY = YES_AGGRESSIVE;
				CLANG_WARN_UNREACHABLE_CODE = YES;
				CLANG_WARN__DUPLICATE_METHOD_MATCH = YES;
				COPY_PHASE_STRIP = NO;
				DEBUG_INFORMATION_FORMAT = "dwarf-with-dsym";
				ENABLE_NS_ASSERTIONS = NO;
				ENABLE_STRICT_OBJC_MSGSEND = YES;
				GCC_C_LANGUAGE_STANDARD = gnu11;
				GCC_NO_COMMON_BLOCKS = YES;
				GCC_WARN_64_TO_32_BIT_CONVERSION = YES;
				GCC_WARN_ABOUT_RETURN_TYPE = YES_ERROR;
				GCC_WARN_UNDECLARED_SELECTOR = YES;
				GCC_WARN_UNINITIALIZED_AUTOS = YES_AGGRESSIVE;
				GCC_WARN_UNUSED_FUNCTION = YES;
				GCC_WARN_UNUSED_VARIABLE = YES;
				IPHONEOS_DEPLOYMENT_TARGET = 14.1;
				MTL_ENABLE_DEBUG_INFO = NO;
				MTL_FAST_MATH = YES;
				SDKROOT = iphoneos;
				SWIFT_COMPILATION_MODE = wholemodule;
				SWIFT_OPTIMIZATION_LEVEL = "-O";
				VALIDATE_PRODUCT = YES;
			};
			name = Release;
		};
		F4ECBEC125E2A0730054DD81 /* Debug */ = {
			isa = XCBuildConfiguration;
			buildSettings = {
				ASSETCATALOG_COMPILER_APPICON_NAME = AppIcon;
				ASSETCATALOG_COMPILER_GLOBAL_ACCENT_COLOR_NAME = AccentColor;
				CODE_SIGN_STYLE = Automatic;
				INFOPLIST_FILE = CleanArchitecture/Info.plist;
				LD_RUNPATH_SEARCH_PATHS = (
					"$(inherited)",
					"@executable_path/Frameworks",
				);
				PRODUCT_BUNDLE_IDENTIFIER = com.dinhquan.CleanArchitecture;
				PRODUCT_NAME = "$(TARGET_NAME)";
				SWIFT_VERSION = 5.0;
				TARGETED_DEVICE_FAMILY = "1,2";
			};
			name = Debug;
		};
		F4ECBEC225E2A0730054DD81 /* Release */ = {
			isa = XCBuildConfiguration;
			buildSettings = {
				ASSETCATALOG_COMPILER_APPICON_NAME = AppIcon;
				ASSETCATALOG_COMPILER_GLOBAL_ACCENT_COLOR_NAME = AccentColor;
				CODE_SIGN_STYLE = Automatic;
				INFOPLIST_FILE = CleanArchitecture/Info.plist;
				LD_RUNPATH_SEARCH_PATHS = (
					"$(inherited)",
					"@executable_path/Frameworks",
				);
				PRODUCT_BUNDLE_IDENTIFIER = com.dinhquan.CleanArchitecture;
				PRODUCT_NAME = "$(TARGET_NAME)";
				SWIFT_VERSION = 5.0;
				TARGETED_DEVICE_FAMILY = "1,2";
			};
			name = Release;
		};
		F4ECBEC425E2A0730054DD81 /* Debug */ = {
			isa = XCBuildConfiguration;
			buildSettings = {
				ALWAYS_EMBED_SWIFT_STANDARD_LIBRARIES = YES;
				BUNDLE_LOADER = "$(TEST_HOST)";
				CODE_SIGN_STYLE = Automatic;
				INFOPLIST_FILE = CleanArchitectureTests/Info.plist;
				IPHONEOS_DEPLOYMENT_TARGET = 14.1;
				LD_RUNPATH_SEARCH_PATHS = (
					"$(inherited)",
					"@executable_path/Frameworks",
					"@loader_path/Frameworks",
				);
				PRODUCT_BUNDLE_IDENTIFIER = com.dinhquan.CleanArchitectureTests;
				PRODUCT_NAME = "$(TARGET_NAME)";
				SWIFT_VERSION = 5.0;
				TARGETED_DEVICE_FAMILY = "1,2";
				TEST_HOST = "$(BUILT_PRODUCTS_DIR)/CleanArchitecture.app/CleanArchitecture";
			};
			name = Debug;
		};
		F4ECBEC525E2A0730054DD81 /* Release */ = {
			isa = XCBuildConfiguration;
			buildSettings = {
				ALWAYS_EMBED_SWIFT_STANDARD_LIBRARIES = YES;
				BUNDLE_LOADER = "$(TEST_HOST)";
				CODE_SIGN_STYLE = Automatic;
				INFOPLIST_FILE = CleanArchitectureTests/Info.plist;
				IPHONEOS_DEPLOYMENT_TARGET = 14.1;
				LD_RUNPATH_SEARCH_PATHS = (
					"$(inherited)",
					"@executable_path/Frameworks",
					"@loader_path/Frameworks",
				);
				PRODUCT_BUNDLE_IDENTIFIER = com.dinhquan.CleanArchitectureTests;
				PRODUCT_NAME = "$(TARGET_NAME)";
				SWIFT_VERSION = 5.0;
				TARGETED_DEVICE_FAMILY = "1,2";
				TEST_HOST = "$(BUILT_PRODUCTS_DIR)/CleanArchitecture.app/CleanArchitecture";
			};
			name = Release;
		};
		F4ECBEC725E2A0730054DD81 /* Debug */ = {
			isa = XCBuildConfiguration;
			buildSettings = {
				ALWAYS_EMBED_SWIFT_STANDARD_LIBRARIES = YES;
				CODE_SIGN_STYLE = Automatic;
				INFOPLIST_FILE = CleanArchitectureUITests/Info.plist;
				LD_RUNPATH_SEARCH_PATHS = (
					"$(inherited)",
					"@executable_path/Frameworks",
					"@loader_path/Frameworks",
				);
				PRODUCT_BUNDLE_IDENTIFIER = com.dinhquan.CleanArchitectureUITests;
				PRODUCT_NAME = "$(TARGET_NAME)";
				SWIFT_VERSION = 5.0;
				TARGETED_DEVICE_FAMILY = "1,2";
				TEST_TARGET_NAME = CleanArchitecture;
			};
			name = Debug;
		};
		F4ECBEC825E2A0730054DD81 /* Release */ = {
			isa = XCBuildConfiguration;
			buildSettings = {
				ALWAYS_EMBED_SWIFT_STANDARD_LIBRARIES = YES;
				CODE_SIGN_STYLE = Automatic;
				INFOPLIST_FILE = CleanArchitectureUITests/Info.plist;
				LD_RUNPATH_SEARCH_PATHS = (
					"$(inherited)",
					"@executable_path/Frameworks",
					"@loader_path/Frameworks",
				);
				PRODUCT_BUNDLE_IDENTIFIER = com.dinhquan.CleanArchitectureUITests;
				PRODUCT_NAME = "$(TARGET_NAME)";
				SWIFT_VERSION = 5.0;
				TARGETED_DEVICE_FAMILY = "1,2";
				TEST_TARGET_NAME = CleanArchitecture;
			};
			name = Release;
		};
/* End XCBuildConfiguration section */

/* Begin XCConfigurationList section */
		F4ECBE9125E2A0720054DD81 /* Build configuration list for PBXProject "CleanArchitecture" */ = {
			isa = XCConfigurationList;
			buildConfigurations = (
				F4ECBEBE25E2A0730054DD81 /* Debug */,
				F4ECBEBF25E2A0730054DD81 /* Release */,
			);
			defaultConfigurationIsVisible = 0;
			defaultConfigurationName = Release;
		};
		F4ECBEC025E2A0730054DD81 /* Build configuration list for PBXNativeTarget "CleanArchitecture" */ = {
			isa = XCConfigurationList;
			buildConfigurations = (
				F4ECBEC125E2A0730054DD81 /* Debug */,
				F4ECBEC225E2A0730054DD81 /* Release */,
			);
			defaultConfigurationIsVisible = 0;
			defaultConfigurationName = Release;
		};
		F4ECBEC325E2A0730054DD81 /* Build configuration list for PBXNativeTarget "CleanArchitectureTests" */ = {
			isa = XCConfigurationList;
			buildConfigurations = (
				F4ECBEC425E2A0730054DD81 /* Debug */,
				F4ECBEC525E2A0730054DD81 /* Release */,
			);
			defaultConfigurationIsVisible = 0;
			defaultConfigurationName = Release;
		};
		F4ECBEC625E2A0730054DD81 /* Build configuration list for PBXNativeTarget "CleanArchitectureUITests" */ = {
			isa = XCConfigurationList;
			buildConfigurations = (
				F4ECBEC725E2A0730054DD81 /* Debug */,
				F4ECBEC825E2A0730054DD81 /* Release */,
			);
			defaultConfigurationIsVisible = 0;
			defaultConfigurationName = Release;
		};
/* End XCConfigurationList section */

/* Begin XCRemoteSwiftPackageReference section */
		F4E2BDC525E2B7B600F7A304 /* XCRemoteSwiftPackageReference "Alamofire" */ = {
			isa = XCRemoteSwiftPackageReference;
			repositoryURL = "https://github.com/Alamofire/Alamofire";
			requirement = {
				kind = upToNextMajorVersion;
				minimumVersion = 5.4.1;
			};
		};
		F4E2BDCB25E2B9A100F7A304 /* XCRemoteSwiftPackageReference "Kingfisher" */ = {
			isa = XCRemoteSwiftPackageReference;
			repositoryURL = "https://github.com/onevcat/Kingfisher";
			requirement = {
				kind = upToNextMajorVersion;
				minimumVersion = 6.1.1;
			};
		};
		F4ECBECF25E2B61F0054DD81 /* XCRemoteSwiftPackageReference "RxSwift" */ = {
			isa = XCRemoteSwiftPackageReference;
			repositoryURL = "https://github.com/ReactiveX/RxSwift";
			requirement = {
				kind = upToNextMajorVersion;
				minimumVersion = 6.1.0;
			};
		};
/* End XCRemoteSwiftPackageReference section */

/* Begin XCSwiftPackageProductDependency section */
		F4E2BDC625E2B7B600F7A304 /* Alamofire */ = {
			isa = XCSwiftPackageProductDependency;
			package = F4E2BDC525E2B7B600F7A304 /* XCRemoteSwiftPackageReference "Alamofire" */;
			productName = Alamofire;
		};
		F4E2BDCC25E2B9A100F7A304 /* Kingfisher */ = {
			isa = XCSwiftPackageProductDependency;
			package = F4E2BDCB25E2B9A100F7A304 /* XCRemoteSwiftPackageReference "Kingfisher" */;
			productName = Kingfisher;
		};
		F4ECBED025E2B61F0054DD81 /* RxSwift */ = {
			isa = XCSwiftPackageProductDependency;
			package = F4ECBECF25E2B61F0054DD81 /* XCRemoteSwiftPackageReference "RxSwift" */;
			productName = RxSwift;
		};
		F4ECBED225E2B61F0054DD81 /* RxTest */ = {
			isa = XCSwiftPackageProductDependency;
			package = F4ECBECF25E2B61F0054DD81 /* XCRemoteSwiftPackageReference "RxSwift" */;
			productName = RxTest;
		};
		F4ECBED425E2B61F0054DD81 /* RxRelay */ = {
			isa = XCSwiftPackageProductDependency;
			package = F4ECBECF25E2B61F0054DD81 /* XCRemoteSwiftPackageReference "RxSwift" */;
			productName = RxRelay;
		};
		F4ECBED625E2B61F0054DD81 /* RxCocoa */ = {
			isa = XCSwiftPackageProductDependency;
			package = F4ECBECF25E2B61F0054DD81 /* XCRemoteSwiftPackageReference "RxSwift" */;
			productName = RxCocoa;
		};
		F4ECBED825E2B61F0054DD81 /* RxBlocking */ = {
			isa = XCSwiftPackageProductDependency;
			package = F4ECBECF25E2B61F0054DD81 /* XCRemoteSwiftPackageReference "RxSwift" */;
			productName = RxBlocking;
		};
/* End XCSwiftPackageProductDependency section */
	};
	rootObject = F4ECBE8E25E2A0720054DD81 /* Project object */;
}
